
Microsoft Visual Studio Solution File, Format Version 12.00
# Visual Studio Version 17
VisualStudioVersion = 17.6.33717.318
MinimumVisualStudioVersion = 10.0.40219.1
Project("{FAE04EC0-301F-11D3-BF4B-00C04F79EFBC}") = "griffel-femex", "griffel-femex.csproj", "{574ABFD5-2359-4203-B5D8-6F2C1E1BD620}"
EndProject
Project("{FAE04EC0-301F-11D3-BF4B-00C04F79EFBC}") = "griffel-femex.Tests", "griffel-femex.Tests\griffel-femex.Tests.csproj", "{EB5BFB2C-886E-4656-815D-515E9CBD8475}"
EndProject
Project("{FAE04EC0-301F-11D3-BF4B-00C04F79EFBC}") = "griffel-femex.Adapters.Saf", "griffel-femex.Adapters.Saf\griffel-femex.Adapters.Saf.csproj", "{1A1C0162-D4A5-4039-8575-BEF4E8A30D91}"
EndProject
Project("{FAE04EC0-301F-11D3-BF4B-00C04F79EFBC}") = "griffel-femex.Adapters.Saf.Tests", "griffel-femex.Adapters.Saf.Tests\griffel-femex.Adapters.Saf.Tests.csproj", "{C7C37AFF-242A-4A09-A652-7B7D4D13139A}"
EndProject
Project("{FAE04EC0-301F-11D3-BF4B-00C04F79EFBC}") = "griffel-femex.Reporting", "griffel-femex.Reporting\griffel-femex.Reporting.csproj", "{AA0B8805-F5F7-475F-A790-C84435518737}"
EndProject
Project("{FAE04EC0-301F-11D3-BF4B-00C04F79EFBC}") = "griffel-femex.Reporting.Tests", "griffel-femex.Reporting.Tests\griffel-femex.Reporting.Tests.csproj", "{5667CAB8-5FF1-4A81-8C44-CFB87E540621}"
EndProject
Project("{FAE04EC0-301F-11D3-BF4B-00C04F79EFBC}") = "griffel-femex.Cli", "griffel-femex.Cli\griffel-femex.Cli.csproj", "{15CD6236-6196-4575-9CB4-6845531086B3}"
EndProject
Project("{FAE04EC0-301F-11D3-BF4B-00C04F79EFBC}") = "griffel-femex.Cli.Tests", "griffel-femex.Cli.Tests\griffel-femex.Cli.Tests.csproj", "{AC2801C5-F7EC-4B2D-A94D-135268C5F545}"
EndProject
Global
	GlobalSection(SolutionConfigurationPlatforms) = preSolution
		Debug|Any CPU = Debug|Any CPU
		Release|Any CPU = Release|Any CPU
	EndGlobalSection
	GlobalSection(ProjectConfigurationPlatforms) = postSolution
		{574ABFD5-2359-4203-B5D8-6F2C1E1BD620}.Debug|Any CPU.ActiveCfg = Debug|Any CPU
		{574ABFD5-2359-4203-B5D8-6F2C1E1BD620}.Debug|Any CPU.Build.0 = Debug|Any CPU
		{574ABFD5-2359-4203-B5D8-6F2C1E1BD620}.Release|Any CPU.ActiveCfg = Release|Any CPU
		{574ABFD5-2359-4203-B5D8-6F2C1E1BD620}.Release|Any CPU.Build.0 = Release|Any CPU
		{EB5BFB2C-886E-4656-815D-515E9CBD8475}.Debug|Any CPU.ActiveCfg = Debug|Any CPU
		{EB5BFB2C-886E-4656-815D-515E9CBD8475}.Debug|Any CPU.Build.0 = Debug|Any CPU
		{EB5BFB2C-886E-4656-815D-515E9CBD8475}.Release|Any CPU.ActiveCfg = Release|Any CPU
		{EB5BFB2C-886E-4656-815D-515E9CBD8475}.Release|Any CPU.Build.0 = Release|Any CPU
		{1A1C0162-D4A5-4039-8575-BEF4E8A30D91}.Debug|Any CPU.ActiveCfg = Debug|Any CPU
		{1A1C0162-D4A5-4039-8575-BEF4E8A30D91}.Debug|Any CPU.Build.0 = Debug|Any CPU
		{1A1C0162-D4A5-4039-8575-BEF4E8A30D91}.Release|Any CPU.ActiveCfg = Release|Any CPU
		{1A1C0162-D4A5-4039-8575-BEF4E8A30D91}.Release|Any CPU.Build.0 = Release|Any CPU
		{C7C37AFF-242A-4A09-A652-7B7D4D13139A}.Debug|Any CPU.ActiveCfg = Debug|Any CPU
		{C7C37AFF-242A-4A09-A652-7B7D4D13139A}.Debug|Any CPU.Build.0 = Debug|Any CPU
		{C7C37AFF-242A-4A09-A652-7B7D4D13139A}.Release|Any CPU.ActiveCfg = Release|Any CPU
		{C7C37AFF-242A-4A09-A652-7B7D4D13139A}.Release|Any CPU.Build.0 = Release|Any CPU
		{AA0B8805-F5F7-475F-A790-C84435518737}.Debug|Any CPU.ActiveCfg = Debug|Any CPU
		{AA0B8805-F5F7-475F-A790-C84435518737}.Debug|Any CPU.Build.0 = Debug|Any CPU
		{AA0B8805-F5F7-475F-A790-C84435518737}.Release|Any CPU.ActiveCfg = Release|Any CPU
		{AA0B8805-F5F7-475F-A790-C84435518737}.Release|Any CPU.Build.0 = Release|Any CPU
		{5667CAB8-5FF1-4A81-8C44-CFB87E540621}.Debug|Any CPU.ActiveCfg = Debug|Any CPU
		{5667CAB8-5FF1-4A81-8C44-CFB87E540621}.Debug|Any CPU.Build.0 = Debug|Any CPU
		{5667CAB8-5FF1-4A81-8C44-CFB87E540621}.Release|Any CPU.ActiveCfg = Release|Any CPU
		{5667CAB8-5FF1-4A81-8C44-CFB87E540621}.Release|Any CPU.Build.0 = Release|Any CPU
		{15CD6236-6196-4575-9CB4-6845531086B3}.Debug|Any CPU.ActiveCfg = Debug|Any CPU
		{15CD6236-6196-4575-9CB4-6845531086B3}.Debug|Any CPU.Build.0 = Debug|Any CPU
		{15CD6236-6196-4575-9CB4-6845531086B3}.Release|Any CPU.ActiveCfg = Release|Any CPU
		{15CD6236-6196-4575-9CB4-6845531086B3}.Release|Any CPU.Build.0 = Release|Any CPU
		{AC2801C5-F7EC-4B2D-A94D-135268C5F545}.Debug|Any CPU.ActiveCfg = Debug|Any CPU
		{AC2801C5-F7EC-4B2D-A94D-135268C5F545}.Debug|Any CPU.Build.0 = Debug|Any CPU
		{AC2801C5-F7EC-4B2D-A94D-135268C5F545}.Release|Any CPU.ActiveCfg = Release|Any CPU
		{AC2801C5-F7EC-4B2D-A94D-135268C5F545}.Release|Any CPU.Build.0 = Release|Any CPU
	EndGlobalSection
	GlobalSection(SolutionProperties) = preSolution
		HideSolutionNode = FALSE
	EndGlobalSection
	GlobalSection(ExtensibilityGlobals) = postSolution
		SolutionGuid = {9801B440-7902-461C-97ED-A9D094145F1D}
	EndGlobalSection
EndGlobal
